
Microsoft Visual Studio Solution File, Format Version 12.00
# Visual Studio Version 17
VisualStudioVersion = 17.7.34202.233
MinimumVisualStudioVersion = 10.0.40219.1
Project("{FAE04EC0-301F-11D3-BF4B-00C04F79EFBC}") = "FBLA", "FBLA\FBLA.csproj", "{1F850A9F-69BB-43B2-AF21-E58F2FDC9423}"
EndProject
Global
	GlobalSection(SolutionConfigurationPlatforms) = preSolution
		Debug|Any CPU = Debug|Any CPU
		Release|Any CPU = Release|Any CPU
	EndGlobalSection
	GlobalSection(ProjectConfigurationPlatforms) = postSolution
		{1F850A9F-69BB-43B2-AF21-E58F2FDC9423}.Debug|Any CPU.ActiveCfg = Debug|Any CPU
		{1F850A9F-69BB-43B2-AF21-E58F2FDC9423}.Debug|Any CPU.Build.0 = Debug|Any CPU
		{1F850A9F-69BB-43B2-AF21-E58F2FDC9423}.Release|Any CPU.ActiveCfg = Release|Any CPU
		{1F850A9F-69BB-43B2-AF21-E58F2FDC9423}.Release|Any CPU.Build.0 = Release|Any CPU
	EndGlobalSection
	GlobalSection(SolutionProperties) = preSolution
		HideSolutionNode = FALSE
	EndGlobalSection
	GlobalSection(ExtensibilityGlobals) = postSolution
		SolutionGuid = {1818C48A-A72E-4841-ADB0-6D7BCE1CD3EB}
	EndGlobalSection
EndGlobal
